
Microsoft Visual Studio Solution File, Format Version 12.00
# Visual Studio 15
VisualStudioVersion = 15.0.28307.779
MinimumVisualStudioVersion = 10.0.40219.1
Project("{FAE04EC0-301F-11D3-BF4B-00C04F79EFBC}") = "Sales.Android", "Sales\Sales.Android\Sales.Android.csproj", "{C27397FB-409A-4BCC-9711-BFF890F44AE2}"
EndProject
Project("{FAE04EC0-301F-11D3-BF4B-00C04F79EFBC}") = "Sales.iOS", "Sales\Sales.iOS\Sales.iOS.csproj", "{D56F3AD8-3809-4B5B-805F-44369C92EFDF}"
EndProject
Project("{9A19103F-16F7-4668-BE54-9A1E7A4F7556}") = "Sales", "Sales\Sales\Sales.csproj", "{B86CC435-CA9A-4CFA-9B22-57C64C3D2A3D}"
EndProject
Project("{FAE04EC0-301F-11D3-BF4B-00C04F79EFBC}") = "Sales.Backend", "Sales.Backend\Sales.Backend.csproj", "{2C121B92-4722-4227-AD75-E2B2AD7C0F7D}"
EndProject
Project("{FAE04EC0-301F-11D3-BF4B-00C04F79EFBC}") = "Sales.API", "Sales.API\Sales.API.csproj", "{F6B1496A-B000-444F-9B9A-4EFC4AA20DE7}"
EndProject
Project("{FAE04EC0-301F-11D3-BF4B-00C04F79EFBC}") = "Sales.Domain", "Sales.Domain\Sales.Domain.csproj", "{46D755AA-4C65-48BD-95B9-9E638F7BAC23}"
EndProject
Project("{FAE04EC0-301F-11D3-BF4B-00C04F79EFBC}") = "Sales.Common", "Sales.Common\Sales.Common.csproj", "{D7926348-5811-4CB1-BA68-CE7F14F15933}"
EndProject
Global
	GlobalSection(SolutionConfigurationPlatforms) = preSolution
		Ad-Hoc|Any CPU = Ad-Hoc|Any CPU
		Ad-Hoc|iPhone = Ad-Hoc|iPhone
		Ad-Hoc|iPhoneSimulator = Ad-Hoc|iPhoneSimulator
		AppStore|Any CPU = AppStore|Any CPU
		AppStore|iPhone = AppStore|iPhone
		AppStore|iPhoneSimulator = AppStore|iPhoneSimulator
		Debug|Any CPU = Debug|Any CPU
		Debug|iPhone = Debug|iPhone
		Debug|iPhoneSimulator = Debug|iPhoneSimulator
		Release|Any CPU = Release|Any CPU
		Release|iPhone = Release|iPhone
		Release|iPhoneSimulator = Release|iPhoneSimulator
	EndGlobalSection
	GlobalSection(ProjectConfigurationPlatforms) = postSolution
		{C27397FB-409A-4BCC-9711-BFF890F44AE2}.Ad-Hoc|Any CPU.ActiveCfg = Release|Any CPU
		{C27397FB-409A-4BCC-9711-BFF890F44AE2}.Ad-Hoc|Any CPU.Build.0 = Release|Any CPU
		{C27397FB-409A-4BCC-9711-BFF890F44AE2}.Ad-Hoc|Any CPU.Deploy.0 = Release|Any CPU
		{C27397FB-409A-4BCC-9711-BFF890F44AE2}.Ad-Hoc|iPhone.ActiveCfg = Release|Any CPU
		{C27397FB-409A-4BCC-9711-BFF890F44AE2}.Ad-Hoc|iPhone.Build.0 = Release|Any CPU
		{C27397FB-409A-4BCC-9711-BFF890F44AE2}.Ad-Hoc|iPhone.Deploy.0 = Release|Any CPU
		{C27397FB-409A-4BCC-9711-BFF890F44AE2}.Ad-Hoc|iPhoneSimulator.ActiveCfg = Release|Any CPU
		{C27397FB-409A-4BCC-9711-BFF890F44AE2}.Ad-Hoc|iPhoneSimulator.Build.0 = Release|Any CPU
		{C27397FB-409A-4BCC-9711-BFF890F44AE2}.Ad-Hoc|iPhoneSimulator.Deploy.0 = Release|Any CPU
		{C27397FB-409A-4BCC-9711-BFF890F44AE2}.AppStore|Any CPU.ActiveCfg = Release|Any CPU
		{C27397FB-409A-4BCC-9711-BFF890F44AE2}.AppStore|Any CPU.Build.0 = Release|Any CPU
		{C27397FB-409A-4BCC-9711-BFF890F44AE2}.AppStore|Any CPU.Deploy.0 = Release|Any CPU
		{C27397FB-409A-4BCC-9711-BFF890F44AE2}.AppStore|iPhone.ActiveCfg = Release|Any CPU
		{C27397FB-409A-4BCC-9711-BFF890F44AE2}.AppStore|iPhone.Build.0 = Release|Any CPU
		{C27397FB-409A-4BCC-9711-BFF890F44AE2}.AppStore|iPhone.Deploy.0 = Release|Any CPU
		{C27397FB-409A-4BCC-9711-BFF890F44AE2}.AppStore|iPhoneSimulator.ActiveCfg = Release|Any CPU
		{C27397FB-409A-4BCC-9711-BFF890F44AE2}.AppStore|iPhoneSimulator.Build.0 = Release|Any CPU
		{C27397FB-409A-4BCC-9711-BFF890F44AE2}.AppStore|iPhoneSimulator.Deploy.0 = Release|Any CPU
		{C27397FB-409A-4BCC-9711-BFF890F44AE2}.Debug|Any CPU.ActiveCfg = Debug|Any CPU
		{C27397FB-409A-4BCC-9711-BFF890F44AE2}.Debug|Any CPU.Build.0 = Debug|Any CPU
		{C27397FB-409A-4BCC-9711-BFF890F44AE2}.Debug|Any CPU.Deploy.0 = Debug|Any CPU
		{C27397FB-409A-4BCC-9711-BFF890F44AE2}.Debug|iPhone.ActiveCfg = Debug|Any CPU
		{C27397FB-409A-4BCC-9711-BFF890F44AE2}.Debug|iPhone.Build.0 = Debug|Any CPU
		{C27397FB-409A-4BCC-9711-BFF890F44AE2}.Debug|iPhone.Deploy.0 = Debug|Any CPU
		{C27397FB-409A-4BCC-9711-BFF890F44AE2}.Debug|iPhoneSimulator.ActiveCfg = Debug|Any CPU
		{C27397FB-409A-4BCC-9711-BFF890F44AE2}.Debug|iPhoneSimulator.Build.0 = Debug|Any CPU
		{C27397FB-409A-4BCC-9711-BFF890F44AE2}.Debug|iPhoneSimulator.Deploy.0 = Debug|Any CPU
		{C27397FB-409A-4BCC-9711-BFF890F44AE2}.Release|Any CPU.ActiveCfg = Release|Any CPU
		{C27397FB-409A-4BCC-9711-BFF890F44AE2}.Release|Any CPU.Build.0 = Release|Any CPU
		{C27397FB-409A-4BCC-9711-BFF890F44AE2}.Release|Any CPU.Deploy.0 = Release|Any CPU
		{C27397FB-409A-4BCC-9711-BFF890F44AE2}.Release|iPhone.ActiveCfg = Release|Any CPU
		{C27397FB-409A-4BCC-9711-BFF890F44AE2}.Release|iPhone.Build.0 = Release|Any CPU
		{C27397FB-409A-4BCC-9711-BFF890F44AE2}.Release|iPhone.Deploy.0 = Release|Any CPU
		{C27397FB-409A-4BCC-9711-BFF890F44AE2}.Release|iPhoneSimulator.ActiveCfg = Release|Any CPU
		{C27397FB-409A-4BCC-9711-BFF890F44AE2}.Release|iPhoneSimulator.Build.0 = Release|Any CPU
		{C27397FB-409A-4BCC-9711-BFF890F44AE2}.Release|iPhoneSimulator.Deploy.0 = Release|Any CPU
		{D56F3AD8-3809-4B5B-805F-44369C92EFDF}.Ad-Hoc|Any CPU.ActiveCfg = Ad-Hoc|iPhone
		{D56F3AD8-3809-4B5B-805F-44369C92EFDF}.Ad-Hoc|Any CPU.Build.0 = Ad-Hoc|iPhone
		{D56F3AD8-3809-4B5B-805F-44369C92EFDF}.Ad-Hoc|Any CPU.Deploy.0 = Ad-Hoc|iPhone
		{D56F3AD8-3809-4B5B-805F-44369C92EFDF}.Ad-Hoc|iPhone.ActiveCfg = Ad-Hoc|iPhone
		{D56F3AD8-3809-4B5B-805F-44369C92EFDF}.Ad-Hoc|iPhone.Build.0 = Ad-Hoc|iPhone
		{D56F3AD8-3809-4B5B-805F-44369C92EFDF}.Ad-Hoc|iPhone.Deploy.0 = Ad-Hoc|iPhone
		{D56F3AD8-3809-4B5B-805F-44369C92EFDF}.Ad-Hoc|iPhoneSimulator.ActiveCfg = Ad-Hoc|iPhoneSimulator
		{D56F3AD8-3809-4B5B-805F-44369C92EFDF}.Ad-Hoc|iPhoneSimulator.Build.0 = Ad-Hoc|iPhoneSimulator
		{D56F3AD8-3809-4B5B-805F-44369C92EFDF}.Ad-Hoc|iPhoneSimulator.Deploy.0 = Ad-Hoc|iPhoneSimulator
		{D56F3AD8-3809-4B5B-805F-44369C92EFDF}.AppStore|Any CPU.ActiveCfg = AppStore|iPhone
		{D56F3AD8-3809-4B5B-805F-44369C92EFDF}.AppStore|Any CPU.Build.0 = AppStore|iPhone
		{D56F3AD8-3809-4B5B-805F-44369C92EFDF}.AppStore|Any CPU.Deploy.0 = AppStore|iPhone
		{D56F3AD8-3809-4B5B-805F-44369C92EFDF}.AppStore|iPhone.ActiveCfg = AppStore|iPhone
		{D56F3AD8-3809-4B5B-805F-44369C92EFDF}.AppStore|iPhone.Build.0 = AppStore|iPhone
		{D56F3AD8-3809-4B5B-805F-44369C92EFDF}.AppStore|iPhone.Deploy.0 = AppStore|iPhone
		{D56F3AD8-3809-4B5B-805F-44369C92EFDF}.AppStore|iPhoneSimulator.ActiveCfg = AppStore|iPhoneSimulator
		{D56F3AD8-3809-4B5B-805F-44369C92EFDF}.AppStore|iPhoneSimulator.Build.0 = AppStore|iPhoneSimulator
		{D56F3AD8-3809-4B5B-805F-44369C92EFDF}.AppStore|iPhoneSimulator.Deploy.0 = AppStore|iPhoneSimulator
		{D56F3AD8-3809-4B5B-805F-44369C92EFDF}.Debug|Any CPU.ActiveCfg = Debug|iPhoneSimulator
		{D56F3AD8-3809-4B5B-805F-44369C92EFDF}.Debug|Any CPU.Build.0 = Debug|iPhoneSimulator
		{D56F3AD8-3809-4B5B-805F-44369C92EFDF}.Debug|Any CPU.Deploy.0 = Debug|iPhoneSimulator
		{D56F3AD8-3809-4B5B-805F-44369C92EFDF}.Debug|iPhone.ActiveCfg = Debug|iPhone
		{D56F3AD8-3809-4B5B-805F-44369C92EFDF}.Debug|iPhone.Build.0 = Debug|iPhone
		{D56F3AD8-3809-4B5B-805F-44369C92EFDF}.Debug|iPhone.Deploy.0 = Debug|iPhone
		{D56F3AD8-3809-4B5B-805F-44369C92EFDF}.Debug|iPhoneSimulator.ActiveCfg = Debug|iPhoneSimulator
		{D56F3AD8-3809-4B5B-805F-44369C92EFDF}.Debug|iPhoneSimulator.Build.0 = Debug|iPhoneSimulator
		{D56F3AD8-3809-4B5B-805F-44369C92EFDF}.Debug|iPhoneSimulator.Deploy.0 = Debug|iPhoneSimulator
		{D56F3AD8-3809-4B5B-805F-44369C92EFDF}.Release|Any CPU.ActiveCfg = Release|iPhone
		{D56F3AD8-3809-4B5B-805F-44369C92EFDF}.Release|Any CPU.Build.0 = Release|iPhone
		{D56F3AD8-3809-4B5B-805F-44369C92EFDF}.Release|Any CPU.Deploy.0 = Release|iPhone
		{D56F3AD8-3809-4B5B-805F-44369C92EFDF}.Release|iPhone.ActiveCfg = Release|iPhone
		{D56F3AD8-3809-4B5B-805F-44369C92EFDF}.Release|iPhone.Build.0 = Release|iPhone
		{D56F3AD8-3809-4B5B-805F-44369C92EFDF}.Release|iPhone.Deploy.0 = Release|iPhone
		{D56F3AD8-3809-4B5B-805F-44369C92EFDF}.Release|iPhoneSimulator.ActiveCfg = Release|iPhoneSimulator
		{D56F3AD8-3809-4B5B-805F-44369C92EFDF}.Release|iPhoneSimulator.Build.0 = Release|iPhoneSimulator
		{D56F3AD8-3809-4B5B-805F-44369C92EFDF}.Release|iPhoneSimulator.Deploy.0 = Release|iPhoneSimulator
		{B86CC435-CA9A-4CFA-9B22-57C64C3D2A3D}.Ad-Hoc|Any CPU.ActiveCfg = Debug|Any CPU
		{B86CC435-CA9A-4CFA-9B22-57C64C3D2A3D}.Ad-Hoc|Any CPU.Build.0 = Debug|Any CPU
		{B86CC435-CA9A-4CFA-9B22-57C64C3D2A3D}.Ad-Hoc|Any CPU.Deploy.0 = Debug|Any CPU
		{B86CC435-CA9A-4CFA-9B22-57C64C3D2A3D}.Ad-Hoc|iPhone.ActiveCfg = Debug|Any CPU
		{B86CC435-CA9A-4CFA-9B22-57C64C3D2A3D}.Ad-Hoc|iPhone.Build.0 = Debug|Any CPU
		{B86CC435-CA9A-4CFA-9B22-57C64C3D2A3D}.Ad-Hoc|iPhone.Deploy.0 = Debug|Any CPU
		{B86CC435-CA9A-4CFA-9B22-57C64C3D2A3D}.Ad-Hoc|iPhoneSimulator.ActiveCfg = Debug|Any CPU
		{B86CC435-CA9A-4CFA-9B22-57C64C3D2A3D}.Ad-Hoc|iPhoneSimulator.Build.0 = Debug|Any CPU
		{B86CC435-CA9A-4CFA-9B22-57C64C3D2A3D}.Ad-Hoc|iPhoneSimulator.Deploy.0 = Debug|Any CPU
		{B86CC435-CA9A-4CFA-9B22-57C64C3D2A3D}.AppStore|Any CPU.ActiveCfg = Debug|Any CPU
		{B86CC435-CA9A-4CFA-9B22-57C64C3D2A3D}.AppStore|Any CPU.Build.0 = Debug|Any CPU
		{B86CC435-CA9A-4CFA-9B22-57C64C3D2A3D}.AppStore|Any CPU.Deploy.0 = Debug|Any CPU
		{B86CC435-CA9A-4CFA-9B22-57C64C3D2A3D}.AppStore|iPhone.ActiveCfg = Debug|Any CPU
		{B86CC435-CA9A-4CFA-9B22-57C64C3D2A3D}.AppStore|iPhone.Build.0 = Debug|Any CPU
		{B86CC435-CA9A-4CFA-9B22-57C64C3D2A3D}.AppStore|iPhone.Deploy.0 = Debug|Any CPU
		{B86CC435-CA9A-4CFA-9B22-57C64C3D2A3D}.AppStore|iPhoneSimulator.ActiveCfg = Debug|Any CPU
		{B86CC435-CA9A-4CFA-9B22-57C64C3D2A3D}.AppStore|iPhoneSimulator.Build.0 = Debug|Any CPU
		{B86CC435-CA9A-4CFA-9B22-57C64C3D2A3D}.AppStore|iPhoneSimulator.Deploy.0 = Debug|Any CPU
		{B86CC435-CA9A-4CFA-9B22-57C64C3D2A3D}.Debug|Any CPU.ActiveCfg = Debug|Any CPU
		{B86CC435-CA9A-4CFA-9B22-57C64C3D2A3D}.Debug|Any CPU.Build.0 = Debug|Any CPU
		{B86CC435-CA9A-4CFA-9B22-57C64C3D2A3D}.Debug|Any CPU.Deploy.0 = Debug|Any CPU
		{B86CC435-CA9A-4CFA-9B22-57C64C3D2A3D}.Debug|iPhone.ActiveCfg = Debug|Any CPU
		{B86CC435-CA9A-4CFA-9B22-57C64C3D2A3D}.Debug|iPhone.Build.0 = Debug|Any CPU
		{B86CC435-CA9A-4CFA-9B22-57C64C3D2A3D}.Debug|iPhone.Deploy.0 = Debug|Any CPU
		{B86CC435-CA9A-4CFA-9B22-57C64C3D2A3D}.Debug|iPhoneSimulator.ActiveCfg = Debug|Any CPU
		{B86CC435-CA9A-4CFA-9B22-57C64C3D2A3D}.Debug|iPhoneSimulator.Build.0 = Debug|Any CPU
		{B86CC435-CA9A-4CFA-9B22-57C64C3D2A3D}.Debug|iPhoneSimulator.Deploy.0 = Debug|Any CPU
		{B86CC435-CA9A-4CFA-9B22-57C64C3D2A3D}.Release|Any CPU.ActiveCfg = Release|Any CPU
		{B86CC435-CA9A-4CFA-9B22-57C64C3D2A3D}.Release|Any CPU.Build.0 = Release|Any CPU
		{B86CC435-CA9A-4CFA-9B22-57C64C3D2A3D}.Release|Any CPU.Deploy.0 = Release|Any CPU
		{B86CC435-CA9A-4CFA-9B22-57C64C3D2A3D}.Release|iPhone.ActiveCfg = Release|Any CPU
		{B86CC435-CA9A-4CFA-9B22-57C64C3D2A3D}.Release|iPhone.Build.0 = Release|Any CPU
		{B86CC435-CA9A-4CFA-9B22-57C64C3D2A3D}.Release|iPhone.Deploy.0 = Release|Any CPU
		{B86CC435-CA9A-4CFA-9B22-57C64C3D2A3D}.Release|iPhoneSimulator.ActiveCfg = Release|Any CPU
		{B86CC435-CA9A-4CFA-9B22-57C64C3D2A3D}.Release|iPhoneSimulator.Build.0 = Release|Any CPU
		{B86CC435-CA9A-4CFA-9B22-57C64C3D2A3D}.Release|iPhoneSimulator.Deploy.0 = Release|Any CPU
		{2C121B92-4722-4227-AD75-E2B2AD7C0F7D}.Ad-Hoc|Any CPU.ActiveCfg = Release|Any CPU
		{2C121B92-4722-4227-AD75-E2B2AD7C0F7D}.Ad-Hoc|Any CPU.Build.0 = Release|Any CPU
		{2C121B92-4722-4227-AD75-E2B2AD7C0F7D}.Ad-Hoc|iPhone.ActiveCfg = Release|Any CPU
		{2C121B92-4722-4227-AD75-E2B2AD7C0F7D}.Ad-Hoc|iPhone.Build.0 = Release|Any CPU
		{2C121B92-4722-4227-AD75-E2B2AD7C0F7D}.Ad-Hoc|iPhoneSimulator.ActiveCfg = Release|Any CPU
		{2C121B92-4722-4227-AD75-E2B2AD7C0F7D}.Ad-Hoc|iPhoneSimulator.Build.0 = Release|Any CPU
		{2C121B92-4722-4227-AD75-E2B2AD7C0F7D}.AppStore|Any CPU.ActiveCfg = Release|Any CPU
		{2C121B92-4722-4227-AD75-E2B2AD7C0F7D}.AppStore|Any CPU.Build.0 = Release|Any CPU
		{2C121B92-4722-4227-AD75-E2B2AD7C0F7D}.AppStore|iPhone.ActiveCfg = Release|Any CPU
		{2C121B92-4722-4227-AD75-E2B2AD7C0F7D}.AppStore|iPhone.Build.0 = Release|Any CPU
		{2C121B92-4722-4227-AD75-E2B2AD7C0F7D}.AppStore|iPhoneSimulator.ActiveCfg = Release|Any CPU
		{2C121B92-4722-4227-AD75-E2B2AD7C0F7D}.AppStore|iPhoneSimulator.Build.0 = Release|Any CPU
		{2C121B92-4722-4227-AD75-E2B2AD7C0F7D}.Debug|Any CPU.ActiveCfg = Debug|Any CPU
		{2C121B92-4722-4227-AD75-E2B2AD7C0F7D}.Debug|Any CPU.Build.0 = Debug|Any CPU
		{2C121B92-4722-4227-AD75-E2B2AD7C0F7D}.Debug|iPhone.ActiveCfg = Debug|Any CPU
		{2C121B92-4722-4227-AD75-E2B2AD7C0F7D}.Debug|iPhone.Build.0 = Debug|Any CPU
		{2C121B92-4722-4227-AD75-E2B2AD7C0F7D}.Debug|iPhoneSimulator.ActiveCfg = Debug|Any CPU
		{2C121B92-4722-4227-AD75-E2B2AD7C0F7D}.Debug|iPhoneSimulator.Build.0 = Debug|Any CPU
		{2C121B92-4722-4227-AD75-E2B2AD7C0F7D}.Release|Any CPU.ActiveCfg = Release|Any CPU
		{2C121B92-4722-4227-AD75-E2B2AD7C0F7D}.Release|Any CPU.Build.0 = Release|Any CPU
		{2C121B92-4722-4227-AD75-E2B2AD7C0F7D}.Release|iPhone.ActiveCfg = Release|Any CPU
		{2C121B92-4722-4227-AD75-E2B2AD7C0F7D}.Release|iPhone.Build.0 = Release|Any CPU
		{2C121B92-4722-4227-AD75-E2B2AD7C0F7D}.Release|iPhoneSimulator.ActiveCfg = Release|Any CPU
		{2C121B92-4722-4227-AD75-E2B2AD7C0F7D}.Release|iPhoneSimulator.Build.0 = Release|Any CPU
		{F6B1496A-B000-444F-9B9A-4EFC4AA20DE7}.Ad-Hoc|Any CPU.ActiveCfg = Release|Any CPU
		{F6B1496A-B000-444F-9B9A-4EFC4AA20DE7}.Ad-Hoc|Any CPU.Build.0 = Release|Any CPU
		{F6B1496A-B000-444F-9B9A-4EFC4AA20DE7}.Ad-Hoc|iPhone.ActiveCfg = Release|Any CPU
		{F6B1496A-B000-444F-9B9A-4EFC4AA20DE7}.Ad-Hoc|iPhone.Build.0 = Release|Any CPU
		{F6B1496A-B000-444F-9B9A-4EFC4AA20DE7}.Ad-Hoc|iPhoneSimulator.ActiveCfg = Release|Any CPU
		{F6B1496A-B000-444F-9B9A-4EFC4AA20DE7}.Ad-Hoc|iPhoneSimulator.Build.0 = Release|Any CPU
		{F6B1496A-B000-444F-9B9A-4EFC4AA20DE7}.AppStore|Any CPU.ActiveCfg = Release|Any CPU
		{F6B1496A-B000-444F-9B9A-4EFC4AA20DE7}.AppStore|Any CPU.Build.0 = Release|Any CPU
		{F6B1496A-B000-444F-9B9A-4EFC4AA20DE7}.AppStore|iPhone.ActiveCfg = Release|Any CPU
		{F6B1496A-B000-444F-9B9A-4EFC4AA20DE7}.AppStore|iPhone.Build.0 = Release|Any CPU
		{F6B1496A-B000-444F-9B9A-4EFC4AA20DE7}.AppStore|iPhoneSimulator.ActiveCfg = Release|Any CPU
		{F6B1496A-B000-444F-9B9A-4EFC4AA20DE7}.AppStore|iPhoneSimulator.Build.0 = Release|Any CPU
		{F6B1496A-B000-444F-9B9A-4EFC4AA20DE7}.Debug|Any CPU.ActiveCfg = Debug|Any CPU
		{F6B1496A-B000-444F-9B9A-4EFC4AA20DE7}.Debug|Any CPU.Build.0 = Debug|Any CPU
		{F6B1496A-B000-444F-9B9A-4EFC4AA20DE7}.Debug|iPhone.ActiveCfg = Debug|Any CPU
		{F6B1496A-B000-444F-9B9A-4EFC4AA20DE7}.Debug|iPhone.Build.0 = Debug|Any CPU
		{F6B1496A-B000-444F-9B9A-4EFC4AA20DE7}.Debug|iPhoneSimulator.ActiveCfg = Debug|Any CPU
		{F6B1496A-B000-444F-9B9A-4EFC4AA20DE7}.Debug|iPhoneSimulator.Build.0 = Debug|Any CPU
		{F6B1496A-B000-444F-9B9A-4EFC4AA20DE7}.Release|Any CPU.ActiveCfg = Release|Any CPU
		{F6B1496A-B000-444F-9B9A-4EFC4AA20DE7}.Release|Any CPU.Build.0 = Release|Any CPU
		{F6B1496A-B000-444F-9B9A-4EFC4AA20DE7}.Release|iPhone.ActiveCfg = Release|Any CPU
		{F6B1496A-B000-444F-9B9A-4EFC4AA20DE7}.Release|iPhone.Build.0 = Release|Any CPU
		{F6B1496A-B000-444F-9B9A-4EFC4AA20DE7}.Release|iPhoneSimulator.ActiveCfg = Release|Any CPU
		{F6B1496A-B000-444F-9B9A-4EFC4AA20DE7}.Release|iPhoneSimulator.Build.0 = Release|Any CPU
		{46D755AA-4C65-48BD-95B9-9E638F7BAC23}.Ad-Hoc|Any CPU.ActiveCfg = Release|Any CPU
		{46D755AA-4C65-48BD-95B9-9E638F7BAC23}.Ad-Hoc|Any CPU.Build.0 = Release|Any CPU
		{46D755AA-4C65-48BD-95B9-9E638F7BAC23}.Ad-Hoc|iPhone.ActiveCfg = Release|Any CPU
		{46D755AA-4C65-48BD-95B9-9E638F7BAC23}.Ad-Hoc|iPhone.Build.0 = Release|Any CPU
		{46D755AA-4C65-48BD-95B9-9E638F7BAC23}.Ad-Hoc|iPhoneSimulator.ActiveCfg = Release|Any CPU
		{46D755AA-4C65-48BD-95B9-9E638F7BAC23}.Ad-Hoc|iPhoneSimulator.Build.0 = Release|Any CPU
		{46D755AA-4C65-48BD-95B9-9E638F7BAC23}.AppStore|Any CPU.ActiveCfg = Release|Any CPU
		{46D755AA-4C65-48BD-95B9-9E638F7BAC23}.AppStore|Any CPU.Build.0 = Release|Any CPU
		{46D755AA-4C65-48BD-95B9-9E638F7BAC23}.AppStore|iPhone.ActiveCfg = Release|Any CPU
		{46D755AA-4C65-48BD-95B9-9E638F7BAC23}.AppStore|iPhone.Build.0 = Release|Any CPU
		{46D755AA-4C65-48BD-95B9-9E638F7BAC23}.AppStore|iPhoneSimulator.ActiveCfg = Release|Any CPU
		{46D755AA-4C65-48BD-95B9-9E638F7BAC23}.AppStore|iPhoneSimulator.Build.0 = Release|Any CPU
		{46D755AA-4C65-48BD-95B9-9E638F7BAC23}.Debug|Any CPU.ActiveCfg = Debug|Any CPU
		{46D755AA-4C65-48BD-95B9-9E638F7BAC23}.Debug|Any CPU.Build.0 = Debug|Any CPU
		{46D755AA-4C65-48BD-95B9-9E638F7BAC23}.Debug|iPhone.ActiveCfg = Debug|Any CPU
		{46D755AA-4C65-48BD-95B9-9E638F7BAC23}.Debug|iPhone.Build.0 = Debug|Any CPU
		{46D755AA-4C65-48BD-95B9-9E638F7BAC23}.Debug|iPhoneSimulator.ActiveCfg = Debug|Any CPU
		{46D755AA-4C65-48BD-95B9-9E638F7BAC23}.Debug|iPhoneSimulator.Build.0 = Debug|Any CPU
		{46D755AA-4C65-48BD-95B9-9E638F7BAC23}.Release|Any CPU.ActiveCfg = Release|Any CPU
		{46D755AA-4C65-48BD-95B9-9E638F7BAC23}.Release|Any CPU.Build.0 = Release|Any CPU
		{46D755AA-4C65-48BD-95B9-9E638F7BAC23}.Release|iPhone.ActiveCfg = Release|Any CPU
		{46D755AA-4C65-48BD-95B9-9E638F7BAC23}.Release|iPhone.Build.0 = Release|Any CPU
		{46D755AA-4C65-48BD-95B9-9E638F7BAC23}.Release|iPhoneSimulator.ActiveCfg = Release|Any CPU
		{46D755AA-4C65-48BD-95B9-9E638F7BAC23}.Release|iPhoneSimulator.Build.0 = Release|Any CPU
		{D7926348-5811-4CB1-BA68-CE7F14F15933}.Ad-Hoc|Any CPU.ActiveCfg = Release|Any CPU
		{D7926348-5811-4CB1-BA68-CE7F14F15933}.Ad-Hoc|Any CPU.Build.0 = Release|Any CPU
		{D7926348-5811-4CB1-BA68-CE7F14F15933}.Ad-Hoc|iPhone.ActiveCfg = Release|Any CPU
		{D7926348-5811-4CB1-BA68-CE7F14F15933}.Ad-Hoc|iPhone.Build.0 = Release|Any CPU
		{D7926348-5811-4CB1-BA68-CE7F14F15933}.Ad-Hoc|iPhoneSimulator.ActiveCfg = Release|Any CPU
		{D7926348-5811-4CB1-BA68-CE7F14F15933}.Ad-Hoc|iPhoneSimulator.Build.0 = Release|Any CPU
		{D7926348-5811-4CB1-BA68-CE7F14F15933}.AppStore|Any CPU.ActiveCfg = Release|Any CPU
		{D7926348-5811-4CB1-BA68-CE7F14F15933}.AppStore|Any CPU.Build.0 = Release|Any CPU
		{D7926348-5811-4CB1-BA68-CE7F14F15933}.AppStore|iPhone.ActiveCfg = Release|Any CPU
		{D7926348-5811-4CB1-BA68-CE7F14F15933}.AppStore|iPhone.Build.0 = Release|Any CPU
		{D7926348-5811-4CB1-BA68-CE7F14F15933}.AppStore|iPhoneSimulator.ActiveCfg = Release|Any CPU
		{D7926348-5811-4CB1-BA68-CE7F14F15933}.AppStore|iPhoneSimulator.Build.0 = Release|Any CPU
		{D7926348-5811-4CB1-BA68-CE7F14F15933}.Debug|Any CPU.ActiveCfg = Debug|Any CPU
		{D7926348-5811-4CB1-BA68-CE7F14F15933}.Debug|Any CPU.Build.0 = Debug|Any CPU
		{D7926348-5811-4CB1-BA68-CE7F14F15933}.Debug|iPhone.ActiveCfg = Debug|Any CPU
		{D7926348-5811-4CB1-BA68-CE7F14F15933}.Debug|iPhone.Build.0 = Debug|Any CPU
		{D7926348-5811-4CB1-BA68-CE7F14F15933}.Debug|iPhoneSimulator.ActiveCfg = Debug|Any CPU
		{D7926348-5811-4CB1-BA68-CE7F14F15933}.Debug|iPhoneSimulator.Build.0 = Debug|Any CPU
		{D7926348-5811-4CB1-BA68-CE7F14F15933}.Release|Any CPU.ActiveCfg = Release|Any CPU
		{D7926348-5811-4CB1-BA68-CE7F14F15933}.Release|Any CPU.Build.0 = Release|Any CPU
		{D7926348-5811-4CB1-BA68-CE7F14F15933}.Release|iPhone.ActiveCfg = Release|Any CPU
		{D7926348-5811-4CB1-BA68-CE7F14F15933}.Release|iPhone.Build.0 = Release|Any CPU
		{D7926348-5811-4CB1-BA68-CE7F14F15933}.Release|iPhoneSimulator.ActiveCfg = Release|Any CPU
		{D7926348-5811-4CB1-BA68-CE7F14F15933}.Release|iPhoneSimulator.Build.0 = Release|Any CPU
	EndGlobalSection
	GlobalSection(SolutionProperties) = preSolution
		HideSolutionNode = FALSE
	EndGlobalSection
	GlobalSection(ExtensibilityGlobals) = postSolution
		SolutionGuid = {AEEED4EF-3722-46B6-A66E-54017C5F6AD1}
	EndGlobalSection
EndGlobal
